github.com/go-sql-driver/mysql v1.4.1 h1:g24URVg0OFbNUTx9qqY1IRZ9D9z3iPyi5zKhQZpNwpA=
github.com/go-sql-driver/mysql v1.4.1/go.mod h1:zAC/RDZ24gD3HViQzih4MyKcchzm+sOG5ZlKdlhCg5w=
github.com/wangjun861205/nbcolor v0.0.0-20190419023604-8a3a6415b243 h1:N3ZqXGVK+5p2+UHj4PDSYdPhvS71Q0BkJ7i89zMWPU8=
github.com/wangjun861205/nbcolor v0.0.0-20190419023604-8a3a6415b243/go.mod h1:fVdg2DCT3UJjl/wGtp8Iac+DzmaBf92HBoXKrw1gIIQ=
github.com/wangjun861205/nbfmt v1.0.0 h1:mBWLjFnXi1OE4KOBLjOI3fmm0cPD8gGag5W/eGW8n1U=
github.com/wangjun861205/nbfmt v1.0.0/go.mod h1:VFMGA9jgPNooNUzcDzGCMaiS+/+VQlGbgLm0KA2zGLI=
